# This file is automatically @generated by Cargo.
# It is not intended for manual editing.
version = 4

[[package]]
name = "wt"
version = "0.0.0"
dependencies = [
 "wt-api",
]

[[package]]
name = "wt-api"
version = "0.0.0"

[[package]]
name = "wt-local"
version = "0.0.0"
dependencies = [
 "wt-api",
]
